{
  "name": "API-2---GSW",
  "lockfileVersion": 2,
  "requires": true,
  "packages": {
    "": {
      "dependencies": {
        "angular": "^1.6.0",
        "bootstrap": "^3.3.7"
      }
    },
    "node_modules/angular": {
      "version": "1.6.0",
      "resolved": "https://registry.npmjs.org/angular/-/angular-1.6.0.tgz",
      "integrity": "sha512-2iYr9Jkh2HNQjKUnsF48ej+BdB93VA98blnc5t5XvaxPntjGKj4Lu1juZC+i7/5g8w7FeJ/dSSCuij2XquxrJQ==",
      "deprecated": "For the actively supported Angular, see https://www.npmjs.com/package/@angular/core. AngularJS support has officially ended. For extended AngularJS support options, see https://goo.gle/angularjs-path-forward."
    },
    "node_modules/bootstrap": {
      "version": "3.3.7",
      "resolved": "https://registry.npmjs.org/bootstrap/-/bootstrap-3.3.7.tgz",
      "integrity": "sha512-qcFaisBrcBhTFkz1IUnGDYnX6ZWfFzH8zOixUDtHW9Ip+r+7MfMFav2rzy7cIHc7rgIg7xjhWBoo1mS/U26j4g==",
      "engines": {
        "node": ">=0.10.1"
      }
    }
  },
  "dependencies": {
    "angular": {
      "version": "1.6.0",
      "resolved": "https://registry.npmjs.org/angular/-/angular-1.6.0.tgz",
      "integrity": "sha512-2iYr9Jkh2HNQjKUnsF48ej+BdB93VA98blnc5t5XvaxPntjGKj4Lu1juZC+i7/5g8w7FeJ/dSSCuij2XquxrJQ=="
    },
    "bootstrap": {
      "version": "3.3.7",
      "resolved": "https://registry.npmjs.org/bootstrap/-/bootstrap-3.3.7.tgz",
      "integrity": "sha512-qcFaisBrcBhTFkz1IUnGDYnX6ZWfFzH8zOixUDtHW9Ip+r+7MfMFav2rzy7cIHc7rgIg7xjhWBoo1mS/U26j4g=="
    }
  }
}
